
Microsoft Visual Studio Solution File, Format Version 12.00
# Visual Studio Version 17
VisualStudioVersion = 17.2.32616.157
MinimumVisualStudioVersion = 10.0.40219.1
Project("{FAE04EC0-301F-11D3-BF4B-00C04F79EFBC}") = "MVCCategory-Product_exercise", "MVCCategory-Product_exercise\MVCCategory-Product_exercise.csproj", "{3728AD66-38DA-416E-886E-A2D7AC944BAC}"
EndProject
Global
	GlobalSection(SolutionConfigurationPlatforms) = preSolution
		Debug|Any CPU = Debug|Any CPU
		Release|Any CPU = Release|Any CPU
	EndGlobalSection
	GlobalSection(ProjectConfigurationPlatforms) = postSolution
		{3728AD66-38DA-416E-886E-A2D7AC944BAC}.Debug|Any CPU.ActiveCfg = Debug|Any CPU
		{3728AD66-38DA-416E-886E-A2D7AC944BAC}.Debug|Any CPU.Build.0 = Debug|Any CPU
		{3728AD66-38DA-416E-886E-A2D7AC944BAC}.Release|Any CPU.ActiveCfg = Release|Any CPU
		{3728AD66-38DA-416E-886E-A2D7AC944BAC}.Release|Any CPU.Build.0 = Release|Any CPU
	EndGlobalSection
	GlobalSection(SolutionProperties) = preSolution
		HideSolutionNode = FALSE
	EndGlobalSection
	GlobalSection(ExtensibilityGlobals) = postSolution
		SolutionGuid = {D4B7D1B9-B07E-45B2-A748-E1D5AFBAC87F}
	EndGlobalSection
EndGlobal
